
Microsoft Visual Studio Solution File, Format Version 12.00
# Visual Studio 15
VisualStudioVersion = 15.0.27130.2036
MinimumVisualStudioVersion = 10.0.40219.1
Project("{FAE04EC0-301F-11D3-BF4B-00C04F79EFBC}") = "UniDecoder", "UniDecoder\UniDecoder.csproj", "{D17C20E1-9A99-4CE9-9D60-73126EA22D27}"
EndProject
Project("{2150E333-8FDC-42A3-9474-1A3956D46DE8}") = "Solution Items", "Solution Items", "{43851258-043C-4103-9661-0272A8D45275}"
	ProjectSection(SolutionItems) = preProject
		LICENSE = LICENSE
		Readme.md = Readme.md
	EndProjectSection
EndProject
Project("{9A19103F-16F7-4668-BE54-9A1E7A4F7556}") = "UnidecoderWeb", "UnidecoderWeb\UnidecoderWeb.csproj", "{7D62D992-B2A5-41AA-8F26-26EC755DAEB7}"
EndProject
Project("{FAE04EC0-301F-11D3-BF4B-00C04F79EFBC}") = "UnidecoderWebStatic", "UnidecoderWebStatic\UnidecoderWebStatic.csproj", "{4C6FFCDE-8926-4609-B7ED-FB904398B698}"
EndProject
Project("{FAE04EC0-301F-11D3-BF4B-00C04F79EFBC}") = "Unidecoder.Functions", "Unidecoder.Functions\Unidecoder.Functions.csproj", "{78262D82-684B-4DF4-B760-EA28341F6128}"
EndProject
Project("{FAE04EC0-301F-11D3-BF4B-00C04F79EFBC}") = "Unidecoder.Functions.Test", "Unidecoder.Functions.Test\Unidecoder.Functions.Test.csproj", "{5469BAE3-8E8F-4FE7-8A98-34D662BCC4EC}"
EndProject
Global
	GlobalSection(SolutionConfigurationPlatforms) = preSolution
		Debug|Any CPU = Debug|Any CPU
		Debug|ARM = Debug|ARM
		Debug|x64 = Debug|x64
		Debug|x86 = Debug|x86
		Release|Any CPU = Release|Any CPU
		Release|ARM = Release|ARM
		Release|x64 = Release|x64
		Release|x86 = Release|x86
	EndGlobalSection
	GlobalSection(ProjectConfigurationPlatforms) = postSolution
		{D17C20E1-9A99-4CE9-9D60-73126EA22D27}.Debug|Any CPU.ActiveCfg = Debug|Any CPU
		{D17C20E1-9A99-4CE9-9D60-73126EA22D27}.Debug|Any CPU.Build.0 = Debug|Any CPU
		{D17C20E1-9A99-4CE9-9D60-73126EA22D27}.Debug|ARM.ActiveCfg = Debug|Any CPU
		{D17C20E1-9A99-4CE9-9D60-73126EA22D27}.Debug|ARM.Build.0 = Debug|Any CPU
		{D17C20E1-9A99-4CE9-9D60-73126EA22D27}.Debug|x64.ActiveCfg = Debug|Any CPU
		{D17C20E1-9A99-4CE9-9D60-73126EA22D27}.Debug|x64.Build.0 = Debug|Any CPU
		{D17C20E1-9A99-4CE9-9D60-73126EA22D27}.Debug|x86.ActiveCfg = Debug|Any CPU
		{D17C20E1-9A99-4CE9-9D60-73126EA22D27}.Debug|x86.Build.0 = Debug|Any CPU
		{D17C20E1-9A99-4CE9-9D60-73126EA22D27}.Release|Any CPU.ActiveCfg = Release|Any CPU
		{D17C20E1-9A99-4CE9-9D60-73126EA22D27}.Release|Any CPU.Build.0 = Release|Any CPU
		{D17C20E1-9A99-4CE9-9D60-73126EA22D27}.Release|ARM.ActiveCfg = Release|Any CPU
		{D17C20E1-9A99-4CE9-9D60-73126EA22D27}.Release|ARM.Build.0 = Release|Any CPU
		{D17C20E1-9A99-4CE9-9D60-73126EA22D27}.Release|x64.ActiveCfg = Release|Any CPU
		{D17C20E1-9A99-4CE9-9D60-73126EA22D27}.Release|x64.Build.0 = Release|Any CPU
		{D17C20E1-9A99-4CE9-9D60-73126EA22D27}.Release|x86.ActiveCfg = Release|Any CPU
		{D17C20E1-9A99-4CE9-9D60-73126EA22D27}.Release|x86.Build.0 = Release|Any CPU
		{7D62D992-B2A5-41AA-8F26-26EC755DAEB7}.Debug|Any CPU.ActiveCfg = Debug|Any CPU
		{7D62D992-B2A5-41AA-8F26-26EC755DAEB7}.Debug|Any CPU.Build.0 = Debug|Any CPU
		{7D62D992-B2A5-41AA-8F26-26EC755DAEB7}.Debug|ARM.ActiveCfg = Debug|Any CPU
		{7D62D992-B2A5-41AA-8F26-26EC755DAEB7}.Debug|ARM.Build.0 = Debug|Any CPU
		{7D62D992-B2A5-41AA-8F26-26EC755DAEB7}.Debug|x64.ActiveCfg = Debug|Any CPU
		{7D62D992-B2A5-41AA-8F26-26EC755DAEB7}.Debug|x64.Build.0 = Debug|Any CPU
		{7D62D992-B2A5-41AA-8F26-26EC755DAEB7}.Debug|x86.ActiveCfg = Debug|Any CPU
		{7D62D992-B2A5-41AA-8F26-26EC755DAEB7}.Debug|x86.Build.0 = Debug|Any CPU
		{7D62D992-B2A5-41AA-8F26-26EC755DAEB7}.Release|Any CPU.ActiveCfg = Release|Any CPU
		{7D62D992-B2A5-41AA-8F26-26EC755DAEB7}.Release|Any CPU.Build.0 = Release|Any CPU
		{7D62D992-B2A5-41AA-8F26-26EC755DAEB7}.Release|ARM.ActiveCfg = Release|Any CPU
		{7D62D992-B2A5-41AA-8F26-26EC755DAEB7}.Release|ARM.Build.0 = Release|Any CPU
		{7D62D992-B2A5-41AA-8F26-26EC755DAEB7}.Release|x64.ActiveCfg = Release|Any CPU
		{7D62D992-B2A5-41AA-8F26-26EC755DAEB7}.Release|x64.Build.0 = Release|Any CPU
		{7D62D992-B2A5-41AA-8F26-26EC755DAEB7}.Release|x86.ActiveCfg = Release|Any CPU
		{7D62D992-B2A5-41AA-8F26-26EC755DAEB7}.Release|x86.Build.0 = Release|Any CPU
		{4C6FFCDE-8926-4609-B7ED-FB904398B698}.Debug|Any CPU.ActiveCfg = Debug|Any CPU
		{4C6FFCDE-8926-4609-B7ED-FB904398B698}.Debug|Any CPU.Build.0 = Debug|Any CPU
		{4C6FFCDE-8926-4609-B7ED-FB904398B698}.Debug|ARM.ActiveCfg = Debug|Any CPU
		{4C6FFCDE-8926-4609-B7ED-FB904398B698}.Debug|ARM.Build.0 = Debug|Any CPU
		{4C6FFCDE-8926-4609-B7ED-FB904398B698}.Debug|x64.ActiveCfg = Debug|Any CPU
		{4C6FFCDE-8926-4609-B7ED-FB904398B698}.Debug|x64.Build.0 = Debug|Any CPU
		{4C6FFCDE-8926-4609-B7ED-FB904398B698}.Debug|x86.ActiveCfg = Debug|Any CPU
		{4C6FFCDE-8926-4609-B7ED-FB904398B698}.Debug|x86.Build.0 = Debug|Any CPU
		{4C6FFCDE-8926-4609-B7ED-FB904398B698}.Release|Any CPU.ActiveCfg = Release|Any CPU
		{4C6FFCDE-8926-4609-B7ED-FB904398B698}.Release|Any CPU.Build.0 = Release|Any CPU
		{4C6FFCDE-8926-4609-B7ED-FB904398B698}.Release|ARM.ActiveCfg = Release|Any CPU
		{4C6FFCDE-8926-4609-B7ED-FB904398B698}.Release|ARM.Build.0 = Release|Any CPU
		{4C6FFCDE-8926-4609-B7ED-FB904398B698}.Release|x64.ActiveCfg = Release|Any CPU
		{4C6FFCDE-8926-4609-B7ED-FB904398B698}.Release|x64.Build.0 = Release|Any CPU
		{4C6FFCDE-8926-4609-B7ED-FB904398B698}.Release|x86.ActiveCfg = Release|Any CPU
		{4C6FFCDE-8926-4609-B7ED-FB904398B698}.Release|x86.Build.0 = Release|Any CPU
		{78262D82-684B-4DF4-B760-EA28341F6128}.Debug|Any CPU.ActiveCfg = Debug|Any CPU
		{78262D82-684B-4DF4-B760-EA28341F6128}.Debug|Any CPU.Build.0 = Debug|Any CPU
		{78262D82-684B-4DF4-B760-EA28341F6128}.Debug|ARM.ActiveCfg = Debug|Any CPU
		{78262D82-684B-4DF4-B760-EA28341F6128}.Debug|ARM.Build.0 = Debug|Any CPU
		{78262D82-684B-4DF4-B760-EA28341F6128}.Debug|x64.ActiveCfg = Debug|Any CPU
		{78262D82-684B-4DF4-B760-EA28341F6128}.Debug|x64.Build.0 = Debug|Any CPU
		{78262D82-684B-4DF4-B760-EA28341F6128}.Debug|x86.ActiveCfg = Debug|Any CPU
		{78262D82-684B-4DF4-B760-EA28341F6128}.Debug|x86.Build.0 = Debug|Any CPU
		{78262D82-684B-4DF4-B760-EA28341F6128}.Release|Any CPU.ActiveCfg = Release|Any CPU
		{78262D82-684B-4DF4-B760-EA28341F6128}.Release|Any CPU.Build.0 = Release|Any CPU
		{78262D82-684B-4DF4-B760-EA28341F6128}.Release|ARM.ActiveCfg = Release|Any CPU
		{78262D82-684B-4DF4-B760-EA28341F6128}.Release|ARM.Build.0 = Release|Any CPU
		{78262D82-684B-4DF4-B760-EA28341F6128}.Release|x64.ActiveCfg = Release|Any CPU
		{78262D82-684B-4DF4-B760-EA28341F6128}.Release|x64.Build.0 = Release|Any CPU
		{78262D82-684B-4DF4-B760-EA28341F6128}.Release|x86.ActiveCfg = Release|Any CPU
		{78262D82-684B-4DF4-B760-EA28341F6128}.Release|x86.Build.0 = Release|Any CPU
		{5469BAE3-8E8F-4FE7-8A98-34D662BCC4EC}.Debug|Any CPU.ActiveCfg = Debug|Any CPU
		{5469BAE3-8E8F-4FE7-8A98-34D662BCC4EC}.Debug|Any CPU.Build.0 = Debug|Any CPU
		{5469BAE3-8E8F-4FE7-8A98-34D662BCC4EC}.Debug|ARM.ActiveCfg = Debug|Any CPU
		{5469BAE3-8E8F-4FE7-8A98-34D662BCC4EC}.Debug|ARM.Build.0 = Debug|Any CPU
		{5469BAE3-8E8F-4FE7-8A98-34D662BCC4EC}.Debug|x64.ActiveCfg = Debug|Any CPU
		{5469BAE3-8E8F-4FE7-8A98-34D662BCC4EC}.Debug|x64.Build.0 = Debug|Any CPU
		{5469BAE3-8E8F-4FE7-8A98-34D662BCC4EC}.Debug|x86.ActiveCfg = Debug|Any CPU
		{5469BAE3-8E8F-4FE7-8A98-34D662BCC4EC}.Debug|x86.Build.0 = Debug|Any CPU
		{5469BAE3-8E8F-4FE7-8A98-34D662BCC4EC}.Release|Any CPU.ActiveCfg = Release|Any CPU
		{5469BAE3-8E8F-4FE7-8A98-34D662BCC4EC}.Release|Any CPU.Build.0 = Release|Any CPU
		{5469BAE3-8E8F-4FE7-8A98-34D662BCC4EC}.Release|ARM.ActiveCfg = Release|Any CPU
		{5469BAE3-8E8F-4FE7-8A98-34D662BCC4EC}.Release|ARM.Build.0 = Release|Any CPU
		{5469BAE3-8E8F-4FE7-8A98-34D662BCC4EC}.Release|x64.ActiveCfg = Release|Any CPU
		{5469BAE3-8E8F-4FE7-8A98-34D662BCC4EC}.Release|x64.Build.0 = Release|Any CPU
		{5469BAE3-8E8F-4FE7-8A98-34D662BCC4EC}.Release|x86.ActiveCfg = Release|Any CPU
		{5469BAE3-8E8F-4FE7-8A98-34D662BCC4EC}.Release|x86.Build.0 = Release|Any CPU
	EndGlobalSection
	GlobalSection(SolutionProperties) = preSolution
		HideSolutionNode = FALSE
	EndGlobalSection
	GlobalSection(ExtensibilityGlobals) = postSolution
		SolutionGuid = {C2CB8706-01F8-4103-874C-A154B69811A5}
	EndGlobalSection
EndGlobal
